<?xml version="1.0" encoding="utf-8"?>
<Project ToolsVersion="4.0" xmlns="http://schemas.microsoft.com/developer/msbuild/2003">
  <ItemGroup>
    <Filter Include="Source Files">
      <UniqueIdentifier>{4FC737F1-C7A5-4376-A066-2A32D752A2FF}</UniqueIdentifier>
      <Extensions>qml;cpp;c;cc;cxx;def;odl;idl;hpj;bat;asm;asmx</Extensions>
    </Filter>
    <Filter Include="Header Files">
      <UniqueIdentifier>{93995380-89BD-4b04-88EB-625FBE52EBFB}</UniqueIdentifier>
      <Extensions>h;hh;hpp;hxx;hm;inl;inc;xsd</Extensions>
    </Filter>
    <Filter Include="Resource Files">
      <UniqueIdentifier>{67DA6AB6-F800-4c08-8B7A-83BB121AAD01}</UniqueIdentifier>
      <Extensions>qrc;rc;ico;cur;bmp;dlg;rc2;rct;bin;rgs;gif;jpg;jpeg;jpe;resx;tiff;tif;png;wav;mfcribbon-ms</Extensions>
    </Filter>
    <Filter Include="Form Files">
      <UniqueIdentifier>{99349809-55BA-4b9d-BF79-8FDBB0286EB3}</UniqueIdentifier>
      <Extensions>ui</Extensions>
    </Filter>
    <Filter Include="Translation Files">
      <UniqueIdentifier>{639EADAA-A684-42e4-A9AD-28FC9BCB8F7C}</UniqueIdentifier>
      <Extensions>ts</Extensions>
    </Filter>
  </ItemGroup>
  <ItemGroup>
    <QtMoc Include="src\View\Widgets\OpenPrescription.h">
      <Filter>Header Files</Filter>
    </QtMoc>
    <ClCompile Include="src\View\Widgets\OpenPrescription.cpp">
      <Filter>Source Files</Filter>
    </ClCompile>
    <QtMoc Include="src\View\Widgets\PatientFormDialog.h">
      <Filter>Header Files</Filter>
    </QtMoc>
    <QtMoc Include="src\View\Widgets\PinPromptDialog.h">
      <Filter>Header Files</Filter>
    </QtMoc>
    <QtMoc Include="src\View\Widgets\PrescriptionView.h">
      <Filter>Header Files</Filter>
    </QtMoc>
    <QtMoc Include="src\View\Widgets\SaveDialog.h">
      <Filter>Header Files</Filter>
    </QtMoc>
    <QtMoc Include="src\View\Widgets\TabView.h">
      <Filter>Header Files</Filter>
    </QtMoc>
    <QtMoc Include="src\View\Widgets\UpdateDialog.h">
      <Filter>Header Files</Filter>
    </QtMoc>
    <QtMoc Include="src\View\Widgets\UpdateDownloader.h">
      <Filter>Header Files</Filter>
    </QtMoc>
    <QtMoc Include="src\View\Widgets\MedicationDialog.h">
      <Filter>Header Files</Filter>
    </QtMoc>
    <QtMoc Include="src\View\Widgets\InputDialog.h">
      <Filter>Header Files</Filter>
    </QtMoc>
    <QtMoc Include="src\View\Widgets\DosageDialog.h">
      <Filter>Header Files</Filter>
    </QtMoc>
    <QtMoc Include="src\View\Widgets\SelectorDialog.h">
      <Filter>Header Files</Filter>
    </QtMoc>
    <QtMoc Include="src\View\uiComponents\ComboBox.h">
      <Filter>Header Files</Filter>
    </QtMoc>
    <QtMoc Include="src\View\uiComponents\customdateedit.h">
      <Filter>Header Files</Filter>
    </QtMoc>
    <QtMoc Include="src\View\uiComponents\DateEdit.h">
      <Filter>Header Files</Filter>
    </QtMoc>
    <QtMoc Include="src\View\uiComponents\HalfRoundedButton.h">
      <Filter>Header Files</Filter>
    </QtMoc>
    <QtMoc Include="src\View\uiComponents\HoverButton.h">
      <Filter>Header Files</Filter>
    </QtMoc>
    <QtMoc Include="src\View\uiComponents\IconButton.h">
      <Filter>Header Files</Filter>
    </QtMoc>
    <QtMoc Include="src\View\uiComponents\LineEdit.h">
      <Filter>Header Files</Filter>
    </QtMoc>
    <QtMoc Include="src\View\uiComponents\ListTable.h">
      <Filter>Header Files</Filter>
    </QtMoc>
    <QtMoc Include="src\View\uiComponents\NameEdit.h">
      <Filter>Header Files</Filter>
    </QtMoc>
    <QtMoc Include="src\View\uiComponents\PixmapLabel.h">
      <Filter>Header Files</Filter>
    </QtMoc>
    <QtMoc Include="src\View\uiComponents\ProcedureTable.h">
      <Filter>Header Files</Filter>
    </QtMoc>
    <QtMoc Include="src\View\uiComponents\SpinBox.h">
      <Filter>Header Files</Filter>
    </QtMoc>
    <QtMoc Include="src\View\uiComponents\TextEdit.h">
      <Filter>Header Files</Filter>
    </QtMoc>
    <QtMoc Include="src\View\uiComponents\UserButton.h">
      <Filter>Header Files</Filter>
    </QtMoc>
    <QtMoc Include="src\View\SubWidgets\PatientTileInfo.h">
      <Filter>Header Files</Filter>
    </QtMoc>
    <QtMoc Include="src\View\SubWidgets\TabTitle.h">
      <Filter>Header Files</Filter>
    </QtMoc>
    <QtMoc Include="src\View\Models\PatientTableModel.h">
      <Filter>Header Files</Filter>
    </QtMoc>
    <QtMoc Include="src\View\Models\PrescriptionTableModel.h">
      <Filter>Header Files</Filter>
    </QtMoc>
    <QtMoc Include="src\View\Widgets\DoctorSettingsDialog.h">
      <Filter>Header Files</Filter>
    </QtMoc>
    <QtMoc Include="src\View\Models\SpecialtyTableModel.h">
      <Filter>Header Files</Filter>
    </QtMoc>
    <QtMoc Include="src\View\Widgets\SpecialtyDialog.h">
      <Filter>Header Files</Filter>
    </QtMoc>
    <QtMoc Include="src\View\Widgets\AboutDialog.h">
      <Filter>Header Files</Filter>
    </QtMoc>
  </ItemGroup>
  <ItemGroup>
    <ClCompile Include="src\main.cpp">
      <Filter>Source Files</Filter>
    </ClCompile>
    <ClCompile Include="src\Presenter\MainPresenter.cpp">
      <Filter>Source Files</Filter>
    </ClCompile>
    <ClCompile Include="src\View\Interfaces\AbstractDateEdit.cpp">
      <Filter>Source Files</Filter>
    </ClCompile>
    <ClCompile Include="src\View\Interfaces\AbstractLineEdit.cpp">
      <Filter>Source Files</Filter>
    </ClCompile>
    <ClCompile Include="src\View\Interfaces\AbstractUIElement.cpp">
      <Filter>Source Files</Filter>
    </ClCompile>
    <ClCompile Include="src\View\Interfaces\ITabView.cpp">
      <Filter>Source Files</Filter>
    </ClCompile>
    <ClCompile Include="src\Database\Database.cpp">
      <Filter>Source Files</Filter>
    </ClCompile>
    <ClCompile Include="src\Database\DbListOpener.cpp">
      <Filter>Source Files</Filter>
    </ClCompile>
    <ClCompile Include="src\Database\DbPatient.cpp">
      <Filter>Source Files</Filter>
    </ClCompile>
    <ClCompile Include="src\Database\DbPrescription.cpp">
      <Filter>Source Files</Filter>
    </ClCompile>
    <ClCompile Include="include\sqLite3\sqlite3.c">
      <Filter>Source Files</Filter>
    </ClCompile>
    <ClCompile Include="include\TinyXML\tinyxml.cpp">
      <Filter>Source Files</Filter>
    </ClCompile>
    <ClCompile Include="include\TinyXML\tinyxmlerror.cpp">
      <Filter>Source Files</Filter>
    </ClCompile>
    <ClCompile Include="include\TinyXML\tinyxmlparser.cpp">
      <Filter>Source Files</Filter>
    </ClCompile>
    <ClCompile Include="include\JsonCpp\jsoncpp.cpp">
      <Filter>Source Files</Filter>
    </ClCompile>
    <ClCompile Include="src\View\Widgets\PatientFormDialog.cpp">
      <Filter>Source Files</Filter>
    </ClCompile>
    <ClCompile Include="src\View\Widgets\PinPromptDialog.cpp">
      <Filter>Source Files</Filter>
    </ClCompile>
    <ClCompile Include="src\View\Widgets\PrescriptionView.cpp">
      <Filter>Source Files</Filter>
    </ClCompile>
    <ClCompile Include="src\View\Widgets\SaveDialog.cpp">
      <Filter>Source Files</Filter>
    </ClCompile>
    <ClCompile Include="src\View\Widgets\TabView.cpp">
      <Filter>Source Files</Filter>
    </ClCompile>
    <ClCompile Include="src\View\Widgets\UpdateDialog.cpp">
      <Filter>Source Files</Filter>
    </ClCompile>
    <ClCompile Include="src\View\Widgets\UpdateDownloader.cpp">
      <Filter>Source Files</Filter>
    </ClCompile>
    <ClCompile Include="src\View\Widgets\MedicationDialog.cpp">
      <Filter>Source Files</Filter>
    </ClCompile>
    <ClCompile Include="src\View\Widgets\InputDialog.cpp">
      <Filter>Source Files</Filter>
    </ClCompile>
    <ClCompile Include="src\View\Widgets\DosageDialog.cpp">
      <Filter>Source Files</Filter>
    </ClCompile>
    <ClCompile Include="src\View\Widgets\SelectorDialog.cpp">
      <Filter>Source Files</Filter>
    </ClCompile>
    <ClCompile Include="src\Model\Prescription\Dosage.cpp">
      <Filter>Source Files</Filter>
    </ClCompile>
    <ClCompile Include="src\Model\Prescription\DoseQuantity.cpp">
      <Filter>Source Files</Filter>
    </ClCompile>
    <ClCompile Include="src\Model\Prescription\Medication.cpp">
      <Filter>Source Files</Filter>
    </ClCompile>
    <ClCompile Include="src\Model\Prescription\Prescription.cpp">
      <Filter>Source Files</Filter>
    </ClCompile>
    <ClCompile Include="src\Model\Prescription\Route.cpp">
      <Filter>Source Files</Filter>
    </ClCompile>
    <ClCompile Include="src\Model\Prescription\TimeLapse.cpp">
      <Filter>Source Files</Filter>
    </ClCompile>
    <ClCompile Include="src\Model\Prescription\WhenToTake.cpp">
      <Filter>Source Files</Filter>
    </ClCompile>
    <ClCompile Include="src\Model\Validators\CommonValidators.cpp">
      <Filter>Source Files</Filter>
    </ClCompile>
    <ClCompile Include="src\Model\Validators\DateValidator.cpp">
      <Filter>Source Files</Filter>
    </ClCompile>
    <ClCompile Include="src\Model\Validators\LpkValidator.cpp">
      <Filter>Source Files</Filter>
    </ClCompile>
    <ClCompile Include="src\Model\Validators\NameValidator.cpp">
      <Filter>Source Files</Filter>
    </ClCompile>
    <ClCompile Include="src\Model\Validators\PatientValidators.cpp">
      <Filter>Source Files</Filter>
    </ClCompile>
    <ClCompile Include="src\Model\Validators\PrescriptionValidators.cpp">
      <Filter>Source Files</Filter>
    </ClCompile>
    <ClCompile Include="src\Model\Validators\RziValidator.cpp">
      <Filter>Source Files</Filter>
    </ClCompile>
    <ClCompile Include="src\Presenter\DosagePresenter.cpp">
      <Filter>Source Files</Filter>
    </ClCompile>
    <ClCompile Include="src\Presenter\ListSelectorPresenter.cpp">
      <Filter>Source Files</Filter>
    </ClCompile>
    <ClCompile Include="src\Presenter\MedicationPresenter.cpp">
      <Filter>Source Files</Filter>
    </ClCompile>
    <ClCompile Include="src\Presenter\PatientDialogPresenter.cpp">
      <Filter>Source Files</Filter>
    </ClCompile>
    <ClCompile Include="src\Presenter\PrescriptionPresenter.cpp">
      <Filter>Source Files</Filter>
    </ClCompile>
    <ClCompile Include="src\Presenter\TabPresenter.cpp">
      <Filter>Source Files</Filter>
    </ClCompile>
    <ClCompile Include="src\Model\Date.cpp">
      <Filter>Source Files</Filter>
    </ClCompile>
    <ClCompile Include="src\Model\Ekatte.cpp">
      <Filter>Source Files</Filter>
    </ClCompile>
    <ClCompile Include="src\Model\FreeFunctions.cpp">
      <Filter>Source Files</Filter>
    </ClCompile>
    <ClCompile Include="src\Model\Parser.cpp">
      <Filter>Source Files</Filter>
    </ClCompile>
    <ClCompile Include="src\Model\Patient.cpp">
      <Filter>Source Files</Filter>
    </ClCompile>
    <ClCompile Include="src\Model\User.cpp">
      <Filter>Source Files</Filter>
    </ClCompile>
    <ClCompile Include="src\View\GlobalFunctions.cpp">
      <Filter>Source Files</Filter>
    </ClCompile>
    <ClCompile Include="src\View\ModalDialogBuilder.cpp">
      <Filter>Source Files</Filter>
    </ClCompile>
    <ClCompile Include="src\View\Theme.cpp">
      <Filter>Source Files</Filter>
    </ClCompile>
    <ClCompile Include="src\Resources.cpp">
      <Filter>Source Files</Filter>
    </ClCompile>
    <ClCompile Include="src\Network\AbstractReplyHandler.cpp">
      <Filter>Source Files</Filter>
    </ClCompile>
    <ClCompile Include="src\Network\Base64Convert.cpp">
      <Filter>Source Files</Filter>
    </ClCompile>
    <ClCompile Include="src\Network\NetworkManager.cpp">
      <Filter>Source Files</Filter>
    </ClCompile>
    <ClCompile Include="src\Network\PKCS11.cpp">
      <Filter>Source Files</Filter>
    </ClCompile>
    <ClCompile Include="src\Network\XmlSigner.cpp">
      <Filter>Source Files</Filter>
    </ClCompile>
    <ClCompile Include="src\Network\HIS\EPrescription.cpp">
      <Filter>Source Files</Filter>
    </ClCompile>
    <ClCompile Include="src\Network\HIS\GetNumenclature.cpp">
      <Filter>Source Files</Filter>
    </ClCompile>
    <ClCompile Include="src\Network\HIS\HisService.cpp">
      <Filter>Source Files</Filter>
    </ClCompile>
    <ClCompile Include="src\Network\HIS\HisToken.cpp">
      <Filter>Source Files</Filter>
    </ClCompile>
    <ClCompile Include="src\Network\HIS\UpdateMedications.cpp">
      <Filter>Source Files</Filter>
    </ClCompile>
    <ClCompile Include="src\View\uiComponents\AutoCompleteLineEdit.cpp">
      <Filter>Source Files</Filter>
    </ClCompile>
    <ClCompile Include="src\View\uiComponents\ComboBox.cpp">
      <Filter>Source Files</Filter>
    </ClCompile>
    <ClCompile Include="src\View\uiComponents\customdateedit.cpp">
      <Filter>Source Files</Filter>
    </ClCompile>
    <ClCompile Include="src\View\uiComponents\DateEdit.cpp">
      <Filter>Source Files</Filter>
    </ClCompile>
    <ClCompile Include="src\View\uiComponents\HalfRoundedButton.cpp">
      <Filter>Source Files</Filter>
    </ClCompile>
    <ClCompile Include="src\View\uiComponents\HoverButton.cpp">
      <Filter>Source Files</Filter>
    </ClCompile>
    <ClCompile Include="src\View\uiComponents\IconButton.cpp">
      <Filter>Source Files</Filter>
    </ClCompile>
    <ClCompile Include="src\View\uiComponents\LineEdit.cpp">
      <Filter>Source Files</Filter>
    </ClCompile>
    <ClCompile Include="src\View\uiComponents\ListTable.cpp">
      <Filter>Source Files</Filter>
    </ClCompile>
    <ClCompile Include="src\View\uiComponents\NameEdit.cpp">
      <Filter>Source Files</Filter>
    </ClCompile>
    <ClCompile Include="src\View\uiComponents\PixmapLabel.cpp">
      <Filter>Source Files</Filter>
    </ClCompile>
    <ClCompile Include="src\View\uiComponents\ProcedureTable.cpp">
      <Filter>Source Files</Filter>
    </ClCompile>
    <ClCompile Include="src\View\uiComponents\SpinBox.cpp">
      <Filter>Source Files</Filter>
    </ClCompile>
    <ClCompile Include="src\View\uiComponents\TextEdit.cpp">
      <Filter>Source Files</Filter>
    </ClCompile>
    <ClCompile Include="src\View\uiComponents\TileButton.cpp">
      <Filter>Source Files</Filter>
    </ClCompile>
    <ClCompile Include="src\View\uiComponents\UserButton.cpp">
      <Filter>Source Files</Filter>
    </ClCompile>
    <ClCompile Include="src\View\SubWidgets\PatientTileInfo.cpp">
      <Filter>Source Files</Filter>
    </ClCompile>
    <ClCompile Include="src\View\SubWidgets\TabTitle.cpp">
      <Filter>Source Files</Filter>
    </ClCompile>
    <ClCompile Include="src\Presenter\PatientInfoPresenter.cpp">
      <Filter>Source Files</Filter>
    </ClCompile>
    <ClCompile Include="src\Model\Specialty.cpp">
      <Filter>Source Files</Filter>
    </ClCompile>
    <ClCompile Include="src\Database\DbUpdateStatus.cpp">
      <Filter>Source Files</Filter>
    </ClCompile>
    <ClCompile Include="src\View\Models\PatientTableModel.cpp">
      <Filter>Source Files</Filter>
    </ClCompile>
    <ClCompile Include="src\View\Models\MedicationTableModel.cpp">
      <Filter>Source Files</Filter>
    </ClCompile>
    <ClCompile Include="src\View\Models\PrescriptionTableModel.cpp">
      <Filter>Source Files</Filter>
    </ClCompile>
    <ClCompile Include="src\Path.cpp">
      <Filter>Source Files</Filter>
    </ClCompile>
    <ClCompile Include="src\Presenter\TabInstance.cpp">
      <Filter>Source Files</Filter>
    </ClCompile>
    <ClCompile Include="src\Database\DbDoctor.cpp">
      <Filter>Source Files</Filter>
    </ClCompile>
    <ClCompile Include="src\View\Widgets\DoctorSettingsDialog.cpp">
      <Filter>Source Files</Filter>
    </ClCompile>
    <ClCompile Include="src\Presenter\DoctorDialogPresenter.cpp">
      <Filter>Source Files</Filter>
    </ClCompile>
    <ClCompile Include="src\View\Models\SpecialtyTableModel.cpp">
      <Filter>Source Files</Filter>
    </ClCompile>
    <ClCompile Include="src\View\Widgets\SpecialtyDialog.cpp">
      <Filter>Source Files</Filter>
    </ClCompile>
    <ClCompile Include="src\Network\UpdateService\UpdateService.cpp">
      <Filter>Source Files</Filter>
    </ClCompile>
    <ClCompile Include="src\View\Widgets\AboutDialog.cpp">
      <Filter>Source Files</Filter>
    </ClCompile>
    <ClCompile Include="..\ThirdParty\include\JsonCpp\jsoncpp.cpp">
      <Filter>Source Files</Filter>
    </ClCompile>
    <ClCompile Include="..\ThirdParty\include\sqLite3\shell.c">
      <Filter>Source Files</Filter>
    </ClCompile>
    <ClCompile Include="..\ThirdParty\include\sqLite3\sqlite3.c">
      <Filter>Source Files</Filter>
    </ClCompile>
    <ClCompile Include="..\ThirdParty\include\TinyXML\tinystr.cpp">
      <Filter>Source Files</Filter>
    </ClCompile>
    <ClCompile Include="..\ThirdParty\include\TinyXML\tinyxml.cpp">
      <Filter>Source Files</Filter>
    </ClCompile>
    <ClCompile Include="..\ThirdParty\include\TinyXML\tinyxmlerror.cpp">
      <Filter>Source Files</Filter>
    </ClCompile>
    <ClCompile Include="..\ThirdParty\include\TinyXML\tinyxmlparser.cpp">
      <Filter>Source Files</Filter>
    </ClCompile>
  </ItemGroup>
  <ItemGroup>
    <ClInclude Include="src\Presenter\MainPresenter.h">
      <Filter>Header Files</Filter>
    </ClInclude>
    <ClInclude Include="src\View\Interfaces\AbstractComboBox.h">
      <Filter>Header Files</Filter>
    </ClInclude>
    <ClInclude Include="src\View\Interfaces\AbstractDateEdit.h">
      <Filter>Header Files</Filter>
    </ClInclude>
    <ClInclude Include="src\View\Interfaces\AbstractLabel.h">
      <Filter>Header Files</Filter>
    </ClInclude>
    <ClInclude Include="src\View\Interfaces\AbstractLineEdit.h">
      <Filter>Header Files</Filter>
    </ClInclude>
    <ClInclude Include="src\View\Interfaces\AbstractRangeEdit.h">
      <Filter>Header Files</Filter>
    </ClInclude>
    <ClInclude Include="src\View\Interfaces\AbstractSpinBox.h">
      <Filter>Header Files</Filter>
    </ClInclude>
    <ClInclude Include="src\View\Interfaces\AbstractUIElement.h">
      <Filter>Header Files</Filter>
    </ClInclude>
    <ClInclude Include="src\View\Interfaces\IDosageDialog.h">
      <Filter>Header Files</Filter>
    </ClInclude>
    <ClInclude Include="src\View\Interfaces\IMainView.h">
      <Filter>Header Files</Filter>
    </ClInclude>
    <ClInclude Include="src\View\Interfaces\IMedicationDialog.h">
      <Filter>Header Files</Filter>
    </ClInclude>
    <ClInclude Include="src\View\Interfaces\IPatientDialog.h">
      <Filter>Header Files</Filter>
    </ClInclude>
    <ClInclude Include="src\View\Interfaces\IPrescriptionView.h">
      <Filter>Header Files</Filter>
    </ClInclude>
    <ClInclude Include="src\View\Interfaces\ITabView.h">
      <Filter>Header Files</Filter>
    </ClInclude>
    <ClInclude Include="src\Database\Database.h">
      <Filter>Header Files</Filter>
    </ClInclude>
    <ClInclude Include="src\Database\DbListOpener.h">
      <Filter>Header Files</Filter>
    </ClInclude>
    <ClInclude Include="src\Database\DbPatient.h">
      <Filter>Header Files</Filter>
    </ClInclude>
    <ClInclude Include="src\Database\DbPrescription.h">
      <Filter>Header Files</Filter>
    </ClInclude>
    <ClInclude Include="include\sqLite3\sqlite3.h">
      <Filter>Header Files</Filter>
    </ClInclude>
    <ClInclude Include="include\sqLite3\sqlite3ext.h">
      <Filter>Header Files</Filter>
    </ClInclude>
    <ClInclude Include="include\TinyXML\tinystr.h">
      <Filter>Header Files</Filter>
    </ClInclude>
    <ClInclude Include="include\TinyXML\tinyxml.h">
      <Filter>Header Files</Filter>
    </ClInclude>
    <ClInclude Include="include\JsonCpp\json-forwards.h">
      <Filter>Header Files</Filter>
    </ClInclude>
    <ClInclude Include="src\Model\Prescription\Dispensation.h">
      <Filter>Header Files</Filter>
    </ClInclude>
    <ClInclude Include="src\Model\Prescription\Dosage.h">
      <Filter>Header Files</Filter>
    </ClInclude>
    <ClInclude Include="src\Model\Prescription\DoseQuantity.h">
      <Filter>Header Files</Filter>
    </ClInclude>
    <ClInclude Include="src\Model\Prescription\Medication.h">
      <Filter>Header Files</Filter>
    </ClInclude>
    <ClInclude Include="src\Model\Prescription\Prescription.h">
      <Filter>Header Files</Filter>
    </ClInclude>
    <ClInclude Include="src\Model\Prescription\Route.h">
      <Filter>Header Files</Filter>
    </ClInclude>
    <ClInclude Include="src\Model\Prescription\TimeLapse.h">
      <Filter>Header Files</Filter>
    </ClInclude>
    <ClInclude Include="src\Model\Prescription\WhenToTake.h">
      <Filter>Header Files</Filter>
    </ClInclude>
    <ClInclude Include="src\Model\Validators\AbstractValidator.h">
      <Filter>Header Files</Filter>
    </ClInclude>
    <ClInclude Include="src\Model\Validators\CommonValidators.h">
      <Filter>Header Files</Filter>
    </ClInclude>
    <ClInclude Include="src\Model\Validators\DateValidator.h">
      <Filter>Header Files</Filter>
    </ClInclude>
    <ClInclude Include="src\Model\Validators\LpkValidator.h">
      <Filter>Header Files</Filter>
    </ClInclude>
    <ClInclude Include="src\Model\Validators\NameValidator.h">
      <Filter>Header Files</Filter>
    </ClInclude>
    <ClInclude Include="src\Model\Validators\PatientValidators.h">
      <Filter>Header Files</Filter>
    </ClInclude>
    <ClInclude Include="src\Model\Validators\PrescriptionValidators.h">
      <Filter>Header Files</Filter>
    </ClInclude>
    <ClInclude Include="src\Model\Validators\RziValidaor.h">
      <Filter>Header Files</Filter>
    </ClInclude>
    <ClInclude Include="src\Presenter\DosagePresenter.h">
      <Filter>Header Files</Filter>
    </ClInclude>
    <ClInclude Include="src\Presenter\ListSelectorPresenter.h">
      <Filter>Header Files</Filter>
    </ClInclude>
    <ClInclude Include="src\Presenter\MedicationPresenter.h">
      <Filter>Header Files</Filter>
    </ClInclude>
    <ClInclude Include="src\Presenter\PatientDialogPresenter.h">
      <Filter>Header Files</Filter>
    </ClInclude>
    <ClInclude Include="src\Presenter\PrescriptionPresenter.h">
      <Filter>Header Files</Filter>
    </ClInclude>
    <ClInclude Include="src\Presenter\TabInstance.h">
      <Filter>Header Files</Filter>
    </ClInclude>
    <ClInclude Include="src\Presenter\TabPresenter.h">
      <Filter>Header Files</Filter>
    </ClInclude>
    <ClInclude Include="src\Model\Date.h">
      <Filter>Header Files</Filter>
    </ClInclude>
    <ClInclude Include="src\Model\Ekatte.h">
      <Filter>Header Files</Filter>
    </ClInclude>
    <ClInclude Include="src\Model\FreeFunctions.h">
      <Filter>Header Files</Filter>
    </ClInclude>
    <ClInclude Include="src\Model\Parser.h">
      <Filter>Header Files</Filter>
    </ClInclude>
    <ClInclude Include="src\Model\Patient.h">
      <Filter>Header Files</Filter>
    </ClInclude>
    <ClInclude Include="src\Model\TableRows.h">
      <Filter>Header Files</Filter>
    </ClInclude>
    <ClInclude Include="src\Model\User.h">
      <Filter>Header Files</Filter>
    </ClInclude>
    <ClInclude Include="src\Model\Doctor.h">
      <Filter>Header Files</Filter>
    </ClInclude>
    <ClInclude Include="src\View\GlobalFunctions.h">
      <Filter>Header Files</Filter>
    </ClInclude>
    <ClInclude Include="src\View\ModalDialogBuilder.h">
      <Filter>Header Files</Filter>
    </ClInclude>
    <ClInclude Include="src\View\Theme.h">
      <Filter>Header Files</Filter>
    </ClInclude>
    <ClInclude Include="src\Resources.h">
      <Filter>Header Files</Filter>
    </ClInclude>
    <ClInclude Include="src\Network\AbstractReplyHandler.h">
      <Filter>Header Files</Filter>
    </ClInclude>
    <ClInclude Include="src\Network\Base64Convert.h">
      <Filter>Header Files</Filter>
    </ClInclude>
    <ClInclude Include="src\Network\DynamicNumenclatures.h">
      <Filter>Header Files</Filter>
    </ClInclude>
    <ClInclude Include="src\Network\NetworkManager.h">
      <Filter>Header Files</Filter>
    </ClInclude>
    <ClInclude Include="src\Network\PKCS11.h">
      <Filter>Header Files</Filter>
    </ClInclude>
    <ClInclude Include="src\Network\XmlSigner.h">
      <Filter>Header Files</Filter>
    </ClInclude>
    <ClInclude Include="src\Network\HIS\EPrescription.h">
      <Filter>Header Files</Filter>
    </ClInclude>
    <ClInclude Include="src\Network\HIS\GetNumenclature.h">
      <Filter>Header Files</Filter>
    </ClInclude>
    <ClInclude Include="src\Network\HIS\HisService.h">
      <Filter>Header Files</Filter>
    </ClInclude>
    <ClInclude Include="src\Network\HIS\HisToken.h">
      <Filter>Header Files</Filter>
    </ClInclude>
    <ClInclude Include="src\Network\HIS\UpdateMedications.h">
      <Filter>Header Files</Filter>
    </ClInclude>
    <ClInclude Include="src\View\uiComponents\AutoCompleteLineEdit.h">
      <Filter>Header Files</Filter>
    </ClInclude>
    <ClInclude Include="src\View\uiComponents\MouseWheelGuard.h">
      <Filter>Header Files</Filter>
    </ClInclude>
    <ClInclude Include="src\View\uiComponents\TileButton.h">
      <Filter>Header Files</Filter>
    </ClInclude>
    <ClInclude Include="src\Database\DbDoctor.h">
      <Filter>Header Files</Filter>
    </ClInclude>
    <ClInclude Include="src\Presenter\PatientInfoPresenter.h">
      <Filter>Header Files</Filter>
    </ClInclude>
    <ClInclude Include="src\View\Interfaces\IPatientTileInfo.h">
      <Filter>Header Files</Filter>
    </ClInclude>
    <ClInclude Include="src\Model\Specialty.h">
      <Filter>Header Files</Filter>
    </ClInclude>
    <ClInclude Include="src\View\Interfaces\IListSelectorView.h">
      <Filter>Header Files</Filter>
    </ClInclude>
    <ClInclude Include="src\Database\DbUpdateStatus.h">
      <Filter>Header Files</Filter>
    </ClInclude>
    <ClInclude Include="src\Model\DynamicNum.h">
      <Filter>Header Files</Filter>
    </ClInclude>
    <ClInclude Include="src\View\Models\MedicationTableModel.h">
      <Filter>Header Files</Filter>
    </ClInclude>
    <ClInclude Include="src\Path.h">
      <Filter>Header Files</Filter>
    </ClInclude>
    <ClInclude Include="src\Presenter\DoctorDialogPresenter.h">
      <Filter>Header Files</Filter>
    </ClInclude>
    <ClInclude Include="src\View\Interfaces\IDoctorSettingsDialog.h">
      <Filter>Header Files</Filter>
    </ClInclude>
    <ClInclude Include="src\Network\UpdateService\UpdateService.h">
      <Filter>Header Files</Filter>
    </ClInclude>
    <ClInclude Include="resource.h">
      <Filter>Header Files</Filter>
    </ClInclude>
    <ClInclude Include="..\ThirdParty\include\JsonCpp\json.h">
      <Filter>Header Files</Filter>
    </ClInclude>
    <ClInclude Include="..\ThirdParty\include\JsonCpp\json-forwards.h">
      <Filter>Header Files</Filter>
    </ClInclude>
    <ClInclude Include="..\ThirdParty\include\sqLite3\sqlite3.h">
      <Filter>Header Files</Filter>
    </ClInclude>
    <ClInclude Include="..\ThirdParty\include\sqLite3\sqlite3ext.h">
      <Filter>Header Files</Filter>
    </ClInclude>
    <ClInclude Include="..\ThirdParty\include\TinyXML\tinystr.h">
      <Filter>Header Files</Filter>
    </ClInclude>
    <ClInclude Include="..\ThirdParty\include\TinyXML\tinyxml.h">
      <Filter>Header Files</Filter>
    </ClInclude>
  </ItemGroup>
  <ItemGroup>
    <QtUic Include="src\View\Widgets\OpenPrescription.ui">
      <Filter>Form Files</Filter>
    </QtUic>
    <QtUic Include="src\View\Widgets\PatientFormDialog.ui">
      <Filter>Form Files</Filter>
    </QtUic>
    <QtUic Include="src\View\Widgets\PinPromptDialog.ui">
      <Filter>Form Files</Filter>
    </QtUic>
    <QtUic Include="src\View\Widgets\PrescriptionView.ui">
      <Filter>Form Files</Filter>
    </QtUic>
    <QtUic Include="src\View\Widgets\TabView.ui">
      <Filter>Form Files</Filter>
    </QtUic>
    <QtUic Include="src\View\Widgets\UpdateDialog.ui">
      <Filter>Form Files</Filter>
    </QtUic>
    <QtUic Include="src\View\Widgets\UpdateDownloader.ui">
      <Filter>Form Files</Filter>
    </QtUic>
    <QtUic Include="src\View\Widgets\MedicationDialog.ui">
      <Filter>Form Files</Filter>
    </QtUic>
    <QtUic Include="src\View\Widgets\InputDialog.ui">
      <Filter>Form Files</Filter>
    </QtUic>
    <QtUic Include="src\View\Widgets\DosageDialog.ui">
      <Filter>Form Files</Filter>
    </QtUic>
    <QtUic Include="src\View\Widgets\SelectorDialog.ui">
      <Filter>Form Files</Filter>
    </QtUic>
    <QtUic Include="src\View\SubWidgets\PatientTileInfo.ui">
      <Filter>Form Files</Filter>
    </QtUic>
    <QtUic Include="src\View\SubWidgets\TabTitle.ui">
      <Filter>Form Files</Filter>
    </QtUic>
    <QtUic Include="src\View\Widgets\DoctorSettingsDialog.ui">
      <Filter>Form Files</Filter>
    </QtUic>
    <QtUic Include="src\View\Widgets\SpecialtyDialog.ui">
      <Filter>Form Files</Filter>
    </QtUic>
    <QtUic Include="src\View\Widgets\AboutDialog.ui">
      <Filter>Form Files</Filter>
    </QtUic>
  </ItemGroup>
  <ItemGroup>
    <QtRcc Include="resources\Resource.qrc">
      <Filter>Resource Files</Filter>
    </QtRcc>
  </ItemGroup>
  <ItemGroup>
    <ResourceCompile Include="OpenPrescription.rc">
      <Filter>Resource Files</Filter>
    </ResourceCompile>
  </ItemGroup>
  <ItemGroup>
    <Image Include="resources\icon_prescr.png">
      <Filter>Resource Files</Filter>
    </Image>
    <Image Include="icon1.ico">
      <Filter>Resource Files</Filter>
    </Image>
    <Image Include="resources\icon_prescr.ico">
      <Filter>Resource Files</Filter>
    </Image>
  </ItemGroup>
</Project>